PODS:
  - china_push (0.0.1):
    - Flutter
  - Flutter (1.0.0)
  - integration_test (0.0.1):
    - Flutter
  - permission_handler_apple (9.3.0):
    - Flutter

DEPENDENCIES:
  - china_push (from `.symlinks/plugins/china_push/ios`)
  - Flutter (from `Flutter`)
  - integration_test (from `.symlinks/plugins/integration_test/ios`)
  - permission_handler_apple (from `.symlinks/plugins/permission_handler_apple/ios`)

EXTERNAL SOURCES:
  china_push:
    :path: ".symlinks/plugins/china_push/ios"
  Flutter:
    :path: Flutter
  integration_test:
    :path: ".symlinks/plugins/integration_test/ios"
  permission_handler_apple:
    :path: ".symlinks/plugins/permission_handler_apple/ios"

SPEC CHECKSUMS:
  china_push: 0f1bdcbc1ea929511b802919d575cffac3c810cb
  Flutter: e0871f40cf51350855a761d2e70bf5af5b9b5de7
  integration_test: 13825b8a9334a850581300559b8839134b124670
  permission_handler_apple: 9878588469a2b0d0fc1e048d9f43605f92e6cec2

PODFILE CHECKSUM: d5e7445e2cf5cb534a7c9c15486d54d13c2a62d1

COCOAPODS: 1.14.3
